# This file is automatically @generated by Wally.
# It is not intended for manual editing.
registry = "test"

[[package]]
name = "evaera/promise"
version = "4.0.0"
dependencies = []

[[package]]
name = "lm-loleris/profilestore"
version = "1.0.3"
dependencies = []

[[package]]
name = "rajden28/suphi-packet-main"
version = "1.7.1"
dependencies = []

[[package]]
name = "sleitnick/buffer-util"
version = "0.3.2"
dependencies = []

[[package]]
name = "sleitnick/comm"
version = "1.0.1"
dependencies = [["Option", "sleitnick/option@1.0.5"], ["Promise", "evaera/promise@4.0.0"], ["Signal", "sleitnick/signal@2.0.3"]]

[[package]]
name = "sleitnick/component"
version = "2.4.8"
dependencies = [["Promise", "evaera/promise@4.0.0"], ["Signal", "sleitnick/signal@2.0.3"], ["Symbol", "sleitnick/symbol@2.0.1"], ["Trove", "sleitnick/trove@1.8.0"]]

[[package]]
name = "sleitnick/concur"
version = "0.1.2"
dependencies = []

[[package]]
name = "sleitnick/enum-list"
version = "2.1.0"
dependencies = []

[[package]]
name = "sleitnick/find"
version = "1.0.0"
dependencies = []

[[package]]
name = "sleitnick/input"
version = "3.0.0"
dependencies = [["Signal", "sleitnick/signal@2.0.3"], ["Trove", "sleitnick/trove@1.8.0"]]

[[package]]
name = "sleitnick/loader"
version = "2.0.0"
dependencies = []

[[package]]
name = "sleitnick/log"
version = "0.1.2"
dependencies = []

[[package]]
name = "sleitnick/net"
version = "0.2.0"
dependencies = []

[[package]]
name = "sleitnick/option"
version = "1.0.5"
dependencies = []

[[package]]
name = "sleitnick/pid"
version = "2.1.0"
dependencies = []

[[package]]
name = "sleitnick/quaternion"
version = "0.2.3"
dependencies = []

[[package]]
name = "sleitnick/query"
version = "0.2.0"
dependencies = []

[[package]]
name = "sleitnick/sequent"
version = "0.1.0"
dependencies = []

[[package]]
name = "sleitnick/ser"
version = "1.0.5"
dependencies = [["Option", "sleitnick/option@1.0.5"]]

[[package]]
name = "sleitnick/shake"
version = "1.1.0"
dependencies = []

[[package]]
name = "sleitnick/signal"
version = "1.5.0"
dependencies = []

[[package]]
name = "sleitnick/signal"
version = "2.0.3"
dependencies = []

[[package]]
name = "sleitnick/silo"
version = "0.2.0"
dependencies = []

[[package]]
name = "sleitnick/spring"
version = "1.0.0"
dependencies = []

[[package]]
name = "sleitnick/streamable"
version = "1.2.4"
dependencies = [["Signal", "sleitnick/signal@1.5.0"], ["Trove", "sleitnick/trove@0.4.2"]]

[[package]]
name = "sleitnick/symbol"
version = "2.0.1"
dependencies = []

[[package]]
name = "sleitnick/table-util"
version = "1.2.1"
dependencies = []

[[package]]
name = "sleitnick/task-queue"
version = "1.0.0"
dependencies = []

[[package]]
name = "sleitnick/timer"
version = "2.0.0"
dependencies = [["Signal", "sleitnick/signal@2.0.3"]]

[[package]]
name = "sleitnick/tree"
version = "1.1.0"
dependencies = []

[[package]]
name = "sleitnick/trove"
version = "0.4.2"
dependencies = []

[[package]]
name = "sleitnick/trove"
version = "1.8.0"
dependencies = []

[[package]]
name = "sleitnick/typed-remote"
version = "0.3.0"
dependencies = []

[[package]]
name = "sleitnick/wait-for"
version = "1.0.0"
dependencies = [["Promise", "evaera/promise@4.0.0"]]

[[package]]
name = "steviegoodman/unnamed-project"
version = "1.0.0"
dependencies = [["BufferUtil", "sleitnick/buffer-util@0.3.2"], ["Comm", "sleitnick/comm@1.0.1"], ["Component", "sleitnick/component@2.4.8"], ["Concur", "sleitnick/concur@0.1.2"], ["EnumList", "sleitnick/enum-list@2.1.0"], ["Find", "sleitnick/find@1.0.0"], ["Input", "sleitnick/input@3.0.0"], ["Loader", "sleitnick/loader@2.0.0"], ["Log", "sleitnick/log@0.1.2"], ["Net", "sleitnick/net@0.2.0"], ["Option", "sleitnick/option@1.0.5"], ["PID", "sleitnick/pid@2.1.0"], ["Packet", "rajden28/suphi-packet-main@1.7.1"], ["Quaternion", "sleitnick/quaternion@0.2.3"], ["Query", "sleitnick/query@0.2.0"], ["Sequent", "sleitnick/sequent@0.1.0"], ["Ser", "sleitnick/ser@1.0.5"], ["Shake", "sleitnick/shake@1.1.0"], ["Signal", "sleitnick/signal@2.0.3"], ["Silo", "sleitnick/silo@0.2.0"], ["Spring", "sleitnick/spring@1.0.0"], ["Streamable", "sleitnick/streamable@1.2.4"], ["Symbol", "sleitnick/symbol@2.0.1"], ["TableUtil", "sleitnick/table-util@1.2.1"], ["TaskQueue", "sleitnick/task-queue@1.0.0"], ["Timer", "sleitnick/timer@2.0.0"], ["Tree", "sleitnick/tree@1.1.0"], ["Trove", "sleitnick/trove@1.8.0"], ["TypedRemote", "sleitnick/typed-remote@0.3.0"], ["WaitFor", "sleitnick/wait-for@1.0.0"], ["ProfileStore", "lm-loleris/profilestore@1.0.3"]]
